// !$*UTF8*$!
{
	archiveVersion = 1;
	classes = {
	};
	objectVersion = 77;
	objects = {

/* Begin PBXBuildFile section */
		E38C68702D31E9F500EC2BFE /* FirebaseAuth in Frameworks */ = {isa = PBXBuildFile; productRef = E38C686F2D31E9F500EC2BFE /* FirebaseAuth */; };
		E38C68722D31E9F500EC2BFE /* FirebaseCore in Frameworks */ = {isa = PBXBuildFile; productRef = E38C68712D31E9F500EC2BFE /* FirebaseCore */; };
		E38C68742D31E9F500EC2BFE /* FirebaseDatabase in Frameworks */ = {isa = PBXBuildFile; productRef = E38C68732D31E9F500EC2BFE /* FirebaseDatabase */; };
		E38C68762D31E9F500EC2BFE /* FirebaseFirestore in Frameworks */ = {isa = PBXBuildFile; productRef = E38C68752D31E9F500EC2BFE /* FirebaseFirestore */; };
		E38C68782D31E9F500EC2BFE /* FirebaseStorage in Frameworks */ = {isa = PBXBuildFile; productRef = E38C68772D31E9F500EC2BFE /* FirebaseStorage */; };
		E38C687B2D31EA1100EC2BFE /* GoogleSignIn in Frameworks */ = {isa = PBXBuildFile; productRef = E38C687A2D31EA1100EC2BFE /* GoogleSignIn */; };
		E38C687D2D31EA1100EC2BFE /* GoogleSignInSwift in Frameworks */ = {isa = PBXBuildFile; productRef = E38C687C2D31EA1100EC2BFE /* GoogleSignInSwift */; };
		E39E24002D46582300E1990F /* NetworkManagerFramework in Frameworks */ = {isa = PBXBuildFile; productRef = E39E23FF2D46582300E1990F /* NetworkManagerFramework */; };
/* End PBXBuildFile section */

/* Begin PBXFileReference section */
		E32A68692D1D66340028F217 /* exploreGeorgia.app */ = {isa = PBXFileReference; explicitFileType = wrapper.application; includeInIndex = 0; path = exploreGeorgia.app; sourceTree = BUILT_PRODUCTS_DIR; };
/* End PBXFileReference section */

/* Begin PBXFileSystemSynchronizedBuildFileExceptionSet section */
		E32A68872D1D666D0028F217 /* Exceptions for "exploreGeorgia" folder in "exploreGeorgia" target */ = {
			isa = PBXFileSystemSynchronizedBuildFileExceptionSet;
			membershipExceptions = (
				Info.plist,
			);
			target = E32A68682D1D66340028F217 /* exploreGeorgia */;
		};
/* End PBXFileSystemSynchronizedBuildFileExceptionSet section */

/* Begin PBXFileSystemSynchronizedRootGroup section */
		E32A686B2D1D66340028F217 /* exploreGeorgia */ = {
			isa = PBXFileSystemSynchronizedRootGroup;
			exceptions = (
				E32A68872D1D666D0028F217 /* Exceptions for "exploreGeorgia" folder in "exploreGeorgia" target */,
			);
			path = exploreGeorgia;
			sourceTree = "<group>";
		};
/* End PBXFileSystemSynchronizedRootGroup section */

/* Begin PBXFrameworksBuildPhase section */
		E32A68662D1D66340028F217 /* Frameworks */ = {
			isa = PBXFrameworksBuildPhase;
			buildActionMask = 2147483647;
			files = (
				E38C68742D31E9F500EC2BFE /* FirebaseDatabase in Frameworks */,
				E38C68762D31E9F500EC2BFE /* FirebaseFirestore in Frameworks */,
				E39E24002D46582300E1990F /* NetworkManagerFramework in Frameworks */,
				E38C687D2D31EA1100EC2BFE /* GoogleSignInSwift in Frameworks */,
				E38C68722D31E9F500EC2BFE /* FirebaseCore in Frameworks */,
				E38C68782D31E9F500EC2BFE /* FirebaseStorage in Frameworks */,
				E38C68702D31E9F500EC2BFE /* FirebaseAuth in Frameworks */,
				E38C687B2D31EA1100EC2BFE /* GoogleSignIn in Frameworks */,
			);
			runOnlyForDeploymentPostprocessing = 0;
		};
/* End PBXFrameworksBuildPhase section */

/* Begin PBXGroup section */
		E32A68602D1D66340028F217 = {
			isa = PBXGroup;
			children = (
				E32A686B2D1D66340028F217 /* exploreGeorgia */,
				E32A686A2D1D66340028F217 /* Products */,
			);
			sourceTree = "<group>";
		};
		E32A686A2D1D66340028F217 /* Products */ = {
			isa = PBXGroup;
			children = (
				E32A68692D1D66340028F217 /* exploreGeorgia.app */,
			);
			name = Products;
			sourceTree = "<group>";
		};
/* End PBXGroup section */

/* Begin PBXNativeTarget section */
		E32A68682D1D66340028F217 /* exploreGeorgia */ = {
			isa = PBXNativeTarget;
			buildConfigurationList = E32A68772D1D66370028F217 /* Build configuration list for PBXNativeTarget "exploreGeorgia" */;
			buildPhases = (
				E32A68652D1D66340028F217 /* Sources */,
				E32A68662D1D66340028F217 /* Frameworks */,
				E32A68672D1D66340028F217 /* Resources */,
			);
			buildRules = (
			);
			dependencies = (
			);
			fileSystemSynchronizedGroups = (
				E32A686B2D1D66340028F217 /* exploreGeorgia */,
			);
			name = exploreGeorgia;
			packageProductDependencies = (
				E38C686F2D31E9F500EC2BFE /* FirebaseAuth */,
				E38C68712D31E9F500EC2BFE /* FirebaseCore */,
				E38C68732D31E9F500EC2BFE /* FirebaseDatabase */,
				E38C68752D31E9F500EC2BFE /* FirebaseFirestore */,
				E38C68772D31E9F500EC2BFE /* FirebaseStorage */,
				E38C687A2D31EA1100EC2BFE /* GoogleSignIn */,
				E38C687C2D31EA1100EC2BFE /* GoogleSignInSwift */,
				E39E23FF2D46582300E1990F /* NetworkManagerFramework */,
			);
			productName = exploreGeorgia;
			productReference = E32A68692D1D66340028F217 /* exploreGeorgia.app */;
			productType = "com.apple.product-type.application";
		};
/* End PBXNativeTarget section */

/* Begin PBXProject section */
		E32A68612D1D66340028F217 /* Project object */ = {
			isa = PBXProject;
			attributes = {
				BuildIndependentTargetsInParallel = 1;
				LastSwiftUpdateCheck = 1620;
				LastUpgradeCheck = 1620;
				TargetAttributes = {
					E32A68682D1D66340028F217 = {
						CreatedOnToolsVersion = 16.2;
					};
				};
			};
			buildConfigurationList = E32A68642D1D66340028F217 /* Build configuration list for PBXProject "exploreGeorgia" */;
			developmentRegion = en;
			hasScannedForEncodings = 0;
			knownRegions = (
				en,
				Base,
			);
			mainGroup = E32A68602D1D66340028F217;
			minimizedProjectReferenceProxies = 1;
			packageReferences = (
				E38C686E2D31E9F500EC2BFE /* XCRemoteSwiftPackageReference "firebase-ios-sdk" */,
				E38C68792D31EA1100EC2BFE /* XCRemoteSwiftPackageReference "GoogleSignIn-iOS" */,
				E39E23FE2D46582300E1990F /* XCRemoteSwiftPackageReference "webService" */,
			);
			preferredProjectObjectVersion = 77;
			productRefGroup = E32A686A2D1D66340028F217 /* Products */;
			projectDirPath = "";
			projectRoot = "";
			targets = (
				E32A68682D1D66340028F217 /* exploreGeorgia */,
			);
		};
/* End PBXProject section */

/* Begin PBXResourcesBuildPhase section */
		E32A68672D1D66340028F217 /* Resources */ = {
			isa = PBXResourcesBuildPhase;
			buildActionMask = 2147483647;
			files = (
			);
			runOnlyForDeploymentPostprocessing = 0;
		};
/* End PBXResourcesBuildPhase section */

/* Begin PBXSourcesBuildPhase section */
		E32A68652D1D66340028F217 /* Sources */ = {
			isa = PBXSourcesBuildPhase;
			buildActionMask = 2147483647;
			files = (
			);
			runOnlyForDeploymentPostprocessing = 0;
		};
/* End PBXSourcesBuildPhase section */

/* Begin XCBuildConfiguration section */
		E32A68752D1D66370028F217 /* Debug */ = {
			isa = XCBuildConfiguration;
			buildSettings = {
				ALWAYS_SEARCH_USER_PATHS = NO;
				ASSETCATALOG_COMPILER_GENERATE_SWIFT_ASSET_SYMBOL_EXTENSIONS = YES;
				CLANG_ANALYZER_NONNULL = YES;
				CLANG_ANALYZER_NUMBER_OBJECT_CONVERSION = YES_AGGRESSIVE;
				CLANG_CXX_LANGUAGE_STANDARD = "gnu++20";
				CLANG_ENABLE_MODULES = YES;
				CLANG_ENABLE_OBJC_ARC = YES;
				CLANG_ENABLE_OBJC_WEAK = YES;
				CLANG_WARN_BLOCK_CAPTURE_AUTORELEASING = YES;
				CLANG_WARN_BOOL_CONVERSION = YES;
				CLANG_WARN_COMMA = YES;
				CLANG_WARN_CONSTANT_CONVERSION = YES;
				CLANG_WARN_DEPRECATED_OBJC_IMPLEMENTATIONS = YES;
				CLANG_WARN_DIRECT_OBJC_ISA_USAGE = YES_ERROR;
				CLANG_WARN_DOCUMENTATION_COMMENTS = YES;
				CLANG_WARN_EMPTY_BODY = YES;
				CLANG_WARN_ENUM_CONVERSION = YES;
				CLANG_WARN_INFINITE_RECURSION = YES;
				CLANG_WARN_INT_CONVERSION = YES;
				CLANG_WARN_NON_LITERAL_NULL_CONVERSION = YES;
				CLANG_WARN_OBJC_IMPLICIT_RETAIN_SELF = YES;
				CLANG_WARN_OBJC_LITERAL_CONVERSION = YES;
				CLANG_WARN_OBJC_ROOT_CLASS = YES_ERROR;
				CLANG_WARN_QUOTED_INCLUDE_IN_FRAMEWORK_HEADER = YES;
				CLANG_WARN_RANGE_LOOP_ANALYSIS = YES;
				CLANG_WARN_STRICT_PROTOTYPES = YES;
				CLANG_WARN_SUSPICIOUS_MOVE = YES;
				CLANG_WARN_UNGUARDED_AVAILABILITY = YES_AGGRESSIVE;
				CLANG_WARN_UNREACHABLE_CODE = YES;
				CLANG_WARN__DUPLICATE_METHOD_MATCH = YES;
				COPY_PHASE_STRIP = NO;
				DEBUG_INFORMATION_FORMAT = dwarf;
				ENABLE_STRICT_OBJC_MSGSEND = YES;
				ENABLE_TESTABILITY = YES;
				ENABLE_USER_SCRIPT_SANDBOXING = YES;
				GCC_C_LANGUAGE_STANDARD = gnu17;
				GCC_DYNAMIC_NO_PIC = NO;
				GCC_NO_COMMON_BLOCKS = YES;
				GCC_OPTIMIZATION_LEVEL = 0;
				GCC_PREPROCESSOR_DEFINITIONS = (
					"DEBUG=1",
					"$(inherited)",
				);
				GCC_WARN_64_TO_32_BIT_CONVERSION = YES;
				GCC_WARN_ABOUT_RETURN_TYPE = YES_ERROR;
				GCC_WARN_UNDECLARED_SELECTOR = YES;
				GCC_WARN_UNINITIALIZED_AUTOS = YES_AGGRESSIVE;
				GCC_WARN_UNUSED_FUNCTION = YES;
				GCC_WARN_UNUSED_VARIABLE = YES;
				IPHONEOS_DEPLOYMENT_TARGET = 18.2;
				LOCALIZATION_PREFERS_STRING_CATALOGS = YES;
				MTL_ENABLE_DEBUG_INFO = INCLUDE_SOURCE;
				MTL_FAST_MATH = YES;
				ONLY_ACTIVE_ARCH = YES;
				SDKROOT = iphoneos;
				SWIFT_ACTIVE_COMPILATION_CONDITIONS = "DEBUG $(inherited)";
				SWIFT_OPTIMIZATION_LEVEL = "-Onone";
			};
			name = Debug;
		};
		E32A68762D1D66370028F217 /* Release */ = {
			isa = XCBuildConfiguration;
			buildSettings = {
				ALWAYS_SEARCH_USER_PATHS = NO;
				ASSETCATALOG_COMPILER_GENERATE_SWIFT_ASSET_SYMBOL_EXTENSIONS = YES;
				CLANG_ANALYZER_NONNULL = YES;
				CLANG_ANALYZER_NUMBER_OBJECT_CONVERSION = YES_AGGRESSIVE;
				CLANG_CXX_LANGUAGE_STANDARD = "gnu++20";
				CLANG_ENABLE_MODULES = YES;
				CLANG_ENABLE_OBJC_ARC = YES;
				CLANG_ENABLE_OBJC_WEAK = YES;
				CLANG_WARN_BLOCK_CAPTURE_AUTORELEASING = YES;
				CLANG_WARN_BOOL_CONVERSION = YES;
				CLANG_WARN_COMMA = YES;
				CLANG_WARN_CONSTANT_CONVERSION = YES;
				CLANG_WARN_DEPRECATED_OBJC_IMPLEMENTATIONS = YES;
				CLANG_WARN_DIRECT_OBJC_ISA_USAGE = YES_ERROR;
				CLANG_WARN_DOCUMENTATION_COMMENTS = YES;
				CLANG_WARN_EMPTY_BODY = YES;
				CLANG_WARN_ENUM_CONVERSION = YES;
				CLANG_WARN_INFINITE_RECURSION = YES;
				CLANG_WARN_INT_CONVERSION = YES;
				CLANG_WARN_NON_LITERAL_NULL_CONVERSION = YES;
				CLANG_WARN_OBJC_IMPLICIT_RETAIN_SELF = YES;
				CLANG_WARN_OBJC_LITERAL_CONVERSION = YES;
				CLANG_WARN_OBJC_ROOT_CLASS = YES_ERROR;
				CLANG_WARN_QUOTED_INCLUDE_IN_FRAMEWORK_HEADER = YES;
				CLANG_WARN_RANGE_LOOP_ANALYSIS = YES;
				CLANG_WARN_STRICT_PROTOTYPES = YES;
				CLANG_WARN_SUSPICIOUS_MOVE = YES;
				CLANG_WARN_UNGUARDED_AVAILABILITY = YES_AGGRESSIVE;
				CLANG_WARN_UNREACHABLE_CODE = YES;
				CLANG_WARN__DUPLICATE_METHOD_MATCH = YES;
				COPY_PHASE_STRIP = NO;
				DEBUG_INFORMATION_FORMAT = "dwarf-with-dsym";
				ENABLE_NS_ASSERTIONS = NO;
				ENABLE_STRICT_OBJC_MSGSEND = YES;
				ENABLE_USER_SCRIPT_SANDBOXING = YES;
				GCC_C_LANGUAGE_STANDARD = gnu17;
				GCC_NO_COMMON_BLOCKS = YES;
				GCC_WARN_64_TO_32_BIT_CONVERSION = YES;
				GCC_WARN_ABOUT_RETURN_TYPE = YES_ERROR;
				GCC_WARN_UNDECLARED_SELECTOR = YES;
				GCC_WARN_UNINITIALIZED_AUTOS = YES_AGGRESSIVE;
				GCC_WARN_UNUSED_FUNCTION = YES;
				GCC_WARN_UNUSED_VARIABLE = YES;
				IPHONEOS_DEPLOYMENT_TARGET = 18.2;
				LOCALIZATION_PREFERS_STRING_CATALOGS = YES;
				MTL_ENABLE_DEBUG_INFO = NO;
				MTL_FAST_MATH = YES;
				SDKROOT = iphoneos;
				SWIFT_COMPILATION_MODE = wholemodule;
				VALIDATE_PRODUCT = YES;
			};
			name = Release;
		};
		E32A68782D1D66370028F217 /* Debug */ = {
			isa = XCBuildConfiguration;
			buildSettings = {
				ASSETCATALOG_COMPILER_APPICON_NAME = AppIcon;
				ASSETCATALOG_COMPILER_GLOBAL_ACCENT_COLOR_NAME = AccentColor;
				CODE_SIGN_STYLE = Automatic;
				CURRENT_PROJECT_VERSION = 1;
				DEVELOPMENT_ASSET_PATHS = "\"exploreGeorgia/Preview Content\"";
				DEVELOPMENT_TEAM = CLN236LPY2;
				ENABLE_PREVIEWS = YES;
				GENERATE_INFOPLIST_FILE = YES;
				INFOPLIST_FILE = exploreGeorgia/Info.plist;
				INFOPLIST_KEY_CFBundleDisplayName = "Explore Georgia";
				INFOPLIST_KEY_LSApplicationCategoryType = "public.app-category.travel";
				INFOPLIST_KEY_NSLocationAlwaysUsageDescription = "The app needs your permission to access location services in order to use the built-in map";
				INFOPLIST_KEY_NSLocationWhenInUseUsageDescription = "The app needs your permission to access location services in order to use the built-in map";
				INFOPLIST_KEY_UIApplicationSceneManifest_Generation = YES;
				INFOPLIST_KEY_UIApplicationSupportsIndirectInputEvents = YES;
				INFOPLIST_KEY_UILaunchScreen_Generation = YES;
				INFOPLIST_KEY_UILaunchStoryboardName = "Launch Screen";
				INFOPLIST_KEY_UISupportedInterfaceOrientations = UIInterfaceOrientationPortrait;
				INFOPLIST_KEY_UISupportedInterfaceOrientations_iPad = "UIInterfaceOrientationLandscapeLeft UIInterfaceOrientationLandscapeRight UIInterfaceOrientationPortrait UIInterfaceOrientationPortraitUpsideDown";
				IPHONEOS_DEPLOYMENT_TARGET = 16.6;
				LD_RUNPATH_SEARCH_PATHS = (
					"$(inherited)",
					"@executable_path/Frameworks",
				);
				MARKETING_VERSION = 1.0;
				PRODUCT_BUNDLE_IDENTIFIER = despo.exploreGeorgia;
				PRODUCT_NAME = "$(TARGET_NAME)";
				SUPPORTED_PLATFORMS = "iphoneos iphonesimulator";
				SUPPORTS_MACCATALYST = NO;
				SUPPORTS_MAC_DESIGNED_FOR_IPHONE_IPAD = NO;
				SUPPORTS_XR_DESIGNED_FOR_IPHONE_IPAD = NO;
				SWIFT_EMIT_LOC_STRINGS = YES;
				SWIFT_VERSION = 5.0;
				TARGETED_DEVICE_FAMILY = 1;
			};
			name = Debug;
		};
		E32A68792D1D66370028F217 /* Release */ = {
			isa = XCBuildConfiguration;
			buildSettings = {
				ASSETCATALOG_COMPILER_APPICON_NAME = AppIcon;
				ASSETCATALOG_COMPILER_GLOBAL_ACCENT_COLOR_NAME = AccentColor;
				CODE_SIGN_STYLE = Automatic;
				CURRENT_PROJECT_VERSION = 1;
				DEVELOPMENT_ASSET_PATHS = "\"exploreGeorgia/Preview Content\"";
				DEVELOPMENT_TEAM = CLN236LPY2;
				ENABLE_PREVIEWS = YES;
				GENERATE_INFOPLIST_FILE = YES;
				INFOPLIST_FILE = exploreGeorgia/Info.plist;
				INFOPLIST_KEY_CFBundleDisplayName = "Explore Georgia";
				INFOPLIST_KEY_LSApplicationCategoryType = "public.app-category.travel";
				INFOPLIST_KEY_NSLocationAlwaysUsageDescription = "The app needs your permission to access location services in order to use the built-in map";
				INFOPLIST_KEY_NSLocationWhenInUseUsageDescription = "The app needs your permission to access location services in order to use the built-in map";
				INFOPLIST_KEY_UIApplicationSceneManifest_Generation = YES;
				INFOPLIST_KEY_UIApplicationSupportsIndirectInputEvents = YES;
				INFOPLIST_KEY_UILaunchScreen_Generation = YES;
				INFOPLIST_KEY_UILaunchStoryboardName = "Launch Screen";
				INFOPLIST_KEY_UISupportedInterfaceOrientations = UIInterfaceOrientationPortrait;
				INFOPLIST_KEY_UISupportedInterfaceOrientations_iPad = "UIInterfaceOrientationLandscapeLeft UIInterfaceOrientationLandscapeRight UIInterfaceOrientationPortrait UIInterfaceOrientationPortraitUpsideDown";
				IPHONEOS_DEPLOYMENT_TARGET = 16.6;
				LD_RUNPATH_SEARCH_PATHS = (
					"$(inherited)",
					"@executable_path/Frameworks",
				);
				MARKETING_VERSION = 1.0;
				PRODUCT_BUNDLE_IDENTIFIER = despo.exploreGeorgia;
				PRODUCT_NAME = "$(TARGET_NAME)";
				SUPPORTED_PLATFORMS = "iphoneos iphonesimulator";
				SUPPORTS_MACCATALYST = NO;
				SUPPORTS_MAC_DESIGNED_FOR_IPHONE_IPAD = NO;
				SUPPORTS_XR_DESIGNED_FOR_IPHONE_IPAD = NO;
				SWIFT_EMIT_LOC_STRINGS = YES;
				SWIFT_VERSION = 5.0;
				TARGETED_DEVICE_FAMILY = 1;
			};
			name = Release;
		};
/* End XCBuildConfiguration section */

/* Begin XCConfigurationList section */
		E32A68642D1D66340028F217 /* Build configuration list for PBXProject "exploreGeorgia" */ = {
			isa = XCConfigurationList;
			buildConfigurations = (
				E32A68752D1D66370028F217 /* Debug */,
				E32A68762D1D66370028F217 /* Release */,
			);
			defaultConfigurationIsVisible = 0;
			defaultConfigurationName = Release;
		};
		E32A68772D1D66370028F217 /* Build configuration list for PBXNativeTarget "exploreGeorgia" */ = {
			isa = XCConfigurationList;
			buildConfigurations = (
				E32A68782D1D66370028F217 /* Debug */,
				E32A68792D1D66370028F217 /* Release */,
			);
			defaultConfigurationIsVisible = 0;
			defaultConfigurationName = Release;
		};
/* End XCConfigurationList section */

/* Begin XCRemoteSwiftPackageReference section */
		E38C686E2D31E9F500EC2BFE /* XCRemoteSwiftPackageReference "firebase-ios-sdk" */ = {
			isa = XCRemoteSwiftPackageReference;
			repositoryURL = "https://www.github.com/firebase/firebase-ios-sdk.git";
			requirement = {
				kind = upToNextMajorVersion;
				minimumVersion = 11.6.0;
			};
		};
		E38C68792D31EA1100EC2BFE /* XCRemoteSwiftPackageReference "GoogleSignIn-iOS" */ = {
			isa = XCRemoteSwiftPackageReference;
			repositoryURL = "https://github.com/google/GoogleSignIn-iOS";
			requirement = {
				kind = upToNextMajorVersion;
				minimumVersion = 8.0.0;
			};
		};
		E39E23FE2D46582300E1990F /* XCRemoteSwiftPackageReference "webService" */ = {
			isa = XCRemoteSwiftPackageReference;
			repositoryURL = "https://github.com/Desp0o/webService.git";
			requirement = {
				branch = master;
				kind = branch;
			};
		};
/* End XCRemoteSwiftPackageReference section */

/* Begin XCSwiftPackageProductDependency section */
		E38C686F2D31E9F500EC2BFE /* FirebaseAuth */ = {
			isa = XCSwiftPackageProductDependency;
			package = E38C686E2D31E9F500EC2BFE /* XCRemoteSwiftPackageReference "firebase-ios-sdk" */;
			productName = FirebaseAuth;
		};
		E38C68712D31E9F500EC2BFE /* FirebaseCore */ = {
			isa = XCSwiftPackageProductDependency;
			package = E38C686E2D31E9F500EC2BFE /* XCRemoteSwiftPackageReference "firebase-ios-sdk" */;
			productName = FirebaseCore;
		};
		E38C68732D31E9F500EC2BFE /* FirebaseDatabase */ = {
			isa = XCSwiftPackageProductDependency;
			package = E38C686E2D31E9F500EC2BFE /* XCRemoteSwiftPackageReference "firebase-ios-sdk" */;
			productName = FirebaseDatabase;
		};
		E38C68752D31E9F500EC2BFE /* FirebaseFirestore */ = {
			isa = XCSwiftPackageProductDependency;
			package = E38C686E2D31E9F500EC2BFE /* XCRemoteSwiftPackageReference "firebase-ios-sdk" */;
			productName = FirebaseFirestore;
		};
		E38C68772D31E9F500EC2BFE /* FirebaseStorage */ = {
			isa = XCSwiftPackageProductDependency;
			package = E38C686E2D31E9F500EC2BFE /* XCRemoteSwiftPackageReference "firebase-ios-sdk" */;
			productName = FirebaseStorage;
		};
		E38C687A2D31EA1100EC2BFE /* GoogleSignIn */ = {
			isa = XCSwiftPackageProductDependency;
			package = E38C68792D31EA1100EC2BFE /* XCRemoteSwiftPackageReference "GoogleSignIn-iOS" */;
			productName = GoogleSignIn;
		};
		E38C687C2D31EA1100EC2BFE /* GoogleSignInSwift */ = {
			isa = XCSwiftPackageProductDependency;
			package = E38C68792D31EA1100EC2BFE /* XCRemoteSwiftPackageReference "GoogleSignIn-iOS" */;
			productName = GoogleSignInSwift;
		};
		E39E23FF2D46582300E1990F /* NetworkManagerFramework */ = {
			isa = XCSwiftPackageProductDependency;
			package = E39E23FE2D46582300E1990F /* XCRemoteSwiftPackageReference "webService" */;
			productName = NetworkManagerFramework;
		};
/* End XCSwiftPackageProductDependency section */
	};
	rootObject = E32A68612D1D66340028F217 /* Project object */;
}
